
Microsoft Visual Studio Solution File, Format Version 12.00
# Visual Studio Version 16
VisualStudioVersion = 16.0.30907.101
MinimumVisualStudioVersion = 10.0.40219.1
Project("{FAE04EC0-301F-11D3-BF4B-00C04F79EFBC}") = "GeneralStoreMVC", "GeneralStoreMVC\GeneralStoreMVC.csproj", "{59EED17E-81D5-42F4-928C-06BB26CFEC09}"
EndProject
Global
	GlobalSection(SolutionConfigurationPlatforms) = preSolution
		Debug|Any CPU = Debug|Any CPU
		Release|Any CPU = Release|Any CPU
	EndGlobalSection
	GlobalSection(ProjectConfigurationPlatforms) = postSolution
		{59EED17E-81D5-42F4-928C-06BB26CFEC09}.Debug|Any CPU.ActiveCfg = Debug|Any CPU
		{59EED17E-81D5-42F4-928C-06BB26CFEC09}.Debug|Any CPU.Build.0 = Debug|Any CPU
		{59EED17E-81D5-42F4-928C-06BB26CFEC09}.Release|Any CPU.ActiveCfg = Release|Any CPU
		{59EED17E-81D5-42F4-928C-06BB26CFEC09}.Release|Any CPU.Build.0 = Release|Any CPU
	EndGlobalSection
	GlobalSection(SolutionProperties) = preSolution
		HideSolutionNode = FALSE
	EndGlobalSection
	GlobalSection(ExtensibilityGlobals) = postSolution
		SolutionGuid = {D87F351B-9595-4217-881F-0802442A8B42}
	EndGlobalSection
EndGlobal
